
Microsoft Visual Studio Solution File, Format Version 12.00
# Visual Studio Version 17
VisualStudioVersion = 17.14.36109.1
MinimumVisualStudioVersion = 10.0.40219.1
Project("{FAE04EC0-301F-11D3-BF4B-00C04F79EFBC}") = "LexiconExercise5", "LexiconExercise5\LexiconExercise5.csproj", "{105749DF-4CED-4711-90C9-73CB42856185}"
EndProject
Project("{FAE04EC0-301F-11D3-BF4B-00C04F79EFBC}") = "TestLexiconExercice5", "TestLexiconExercice5\TestLexiconExercice5.csproj", "{6309CFD3-A27B-4EEE-9EC0-A2BAAC05C2B8}"
EndProject
Global
	GlobalSection(SolutionConfigurationPlatforms) = preSolution
		Debug|Any CPU = Debug|Any CPU
		Release|Any CPU = Release|Any CPU
	EndGlobalSection
	GlobalSection(ProjectConfigurationPlatforms) = postSolution
		{105749DF-4CED-4711-90C9-73CB42856185}.Debug|Any CPU.ActiveCfg = Debug|Any CPU
		{105749DF-4CED-4711-90C9-73CB42856185}.Debug|Any CPU.Build.0 = Debug|Any CPU
		{105749DF-4CED-4711-90C9-73CB42856185}.Release|Any CPU.ActiveCfg = Release|Any CPU
		{105749DF-4CED-4711-90C9-73CB42856185}.Release|Any CPU.Build.0 = Release|Any CPU
		{6309CFD3-A27B-4EEE-9EC0-A2BAAC05C2B8}.Debug|Any CPU.ActiveCfg = Debug|Any CPU
		{6309CFD3-A27B-4EEE-9EC0-A2BAAC05C2B8}.Debug|Any CPU.Build.0 = Debug|Any CPU
		{6309CFD3-A27B-4EEE-9EC0-A2BAAC05C2B8}.Release|Any CPU.ActiveCfg = Release|Any CPU
		{6309CFD3-A27B-4EEE-9EC0-A2BAAC05C2B8}.Release|Any CPU.Build.0 = Release|Any CPU
	EndGlobalSection
	GlobalSection(SolutionProperties) = preSolution
		HideSolutionNode = FALSE
	EndGlobalSection
	GlobalSection(ExtensibilityGlobals) = postSolution
		SolutionGuid = {528ED597-38EB-48DC-B0DE-A4243A4D9CDC}
	EndGlobalSection
EndGlobal
